# THIS IS AN AUTOGENERATED FILE. DO NOT EDIT THIS FILE DIRECTLY.
# yarn lockfile v1


retypeapp-darwin-x64@^3.5.0:
  version "3.5.0"
  resolved "https://registry.yarnpkg.com/retypeapp-darwin-x64/-/retypeapp-darwin-x64-3.5.0.tgz#67b18fdbf60af4b1e46af419f2dc7f8cdcb6cd89"
  integrity sha512-N+jo/nfTDYlow6qZA9TbHTYqCYXMBgLyft30FMDpXGe4/OMy61CtOodIxUiHhMZfBwCQlgy9u4nZuNZTDYudBA==
